
Microsoft Visual Studio Solution File, Format Version 12.00
# Visual Studio 15
Project("{FAE04EC0-301F-11D3-BF4B-00C04F79EFBC}") = "Assembly-CSharp", "Assembly-CSharp.csproj", "{D781BA1A-1983-7BB5-3BBF-CAED716CAEEA}"
EndProject
Project("{FAE04EC0-301F-11D3-BF4B-00C04F79EFBC}") = "Assembly-CSharp-Editor", "Assembly-CSharp-Editor.csproj", "{4FC094BE-97FE-CB69-CF33-CA8E22A349A9}"
EndProject
Global
	GlobalSection(SolutionConfigurationPlatforms) = preSolution
		Debug|Any CPU = Debug|Any CPU
		Release|Any CPU = Release|Any CPU
	EndGlobalSection
	GlobalSection(ProjectConfigurationPlatforms) = postSolution
		{D781BA1A-1983-7BB5-3BBF-CAED716CAEEA}.Debug|Any CPU.ActiveCfg = Debug|Any CPU
		{D781BA1A-1983-7BB5-3BBF-CAED716CAEEA}.Debug|Any CPU.Build.0 = Debug|Any CPU
		{D781BA1A-1983-7BB5-3BBF-CAED716CAEEA}.Release|Any CPU.ActiveCfg = Release|Any CPU
		{D781BA1A-1983-7BB5-3BBF-CAED716CAEEA}.Release|Any CPU.Build.0 = Release|Any CPU
		{4FC094BE-97FE-CB69-CF33-CA8E22A349A9}.Debug|Any CPU.ActiveCfg = Debug|Any CPU
		{4FC094BE-97FE-CB69-CF33-CA8E22A349A9}.Debug|Any CPU.Build.0 = Debug|Any CPU
		{4FC094BE-97FE-CB69-CF33-CA8E22A349A9}.Release|Any CPU.ActiveCfg = Release|Any CPU
		{4FC094BE-97FE-CB69-CF33-CA8E22A349A9}.Release|Any CPU.Build.0 = Release|Any CPU
	EndGlobalSection
	GlobalSection(SolutionProperties) = preSolution
		HideSolutionNode = FALSE
	EndGlobalSection
EndGlobal
